
Microsoft Visual Studio Solution File, Format Version 12.00
# Visual Studio 15
VisualStudioVersion = 15.0.27703.2000
MinimumVisualStudioVersion = 10.0.40219.1
Project("{9A19103F-16F7-4668-BE54-9A1E7A4F7556}") = "entitlements.api", "entitlements.api\entitlements.api.csproj", "{453A1446-8E13-4953-91EB-4EA02B5DE6E1}"
EndProject
Project("{E53339B2-1760-4266-BCC7-CA923CBCF16C}") = "docker-compose", "docker-compose.dcproj", "{A13FDD1C-78DF-480D-92D5-533EA8453B50}"
EndProject
Project("{9A19103F-16F7-4668-BE54-9A1E7A4F7556}") = "entitlements.data", "entitlements.data\entitlements.data.csproj", "{04B77FFD-B8E3-4D47-8FA2-59B7C2B4AFE4}"
EndProject
Project("{FAE04EC0-301F-11D3-BF4B-00C04F79EFBC}") = "entitlements.domain", "entitlements.domain\entitlements.domain.csproj", "{4695ED06-29CB-451F-AA7F-87764464B040}"
EndProject
Global
	GlobalSection(SolutionConfigurationPlatforms) = preSolution
		Debug|Any CPU = Debug|Any CPU
		Release|Any CPU = Release|Any CPU
	EndGlobalSection
	GlobalSection(ProjectConfigurationPlatforms) = postSolution
		{453A1446-8E13-4953-91EB-4EA02B5DE6E1}.Debug|Any CPU.ActiveCfg = Debug|Any CPU
		{453A1446-8E13-4953-91EB-4EA02B5DE6E1}.Debug|Any CPU.Build.0 = Debug|Any CPU
		{453A1446-8E13-4953-91EB-4EA02B5DE6E1}.Release|Any CPU.ActiveCfg = Release|Any CPU
		{453A1446-8E13-4953-91EB-4EA02B5DE6E1}.Release|Any CPU.Build.0 = Release|Any CPU
		{A13FDD1C-78DF-480D-92D5-533EA8453B50}.Debug|Any CPU.ActiveCfg = Debug|Any CPU
		{A13FDD1C-78DF-480D-92D5-533EA8453B50}.Debug|Any CPU.Build.0 = Debug|Any CPU
		{A13FDD1C-78DF-480D-92D5-533EA8453B50}.Release|Any CPU.ActiveCfg = Release|Any CPU
		{A13FDD1C-78DF-480D-92D5-533EA8453B50}.Release|Any CPU.Build.0 = Release|Any CPU
		{04B77FFD-B8E3-4D47-8FA2-59B7C2B4AFE4}.Debug|Any CPU.ActiveCfg = Debug|Any CPU
		{04B77FFD-B8E3-4D47-8FA2-59B7C2B4AFE4}.Debug|Any CPU.Build.0 = Debug|Any CPU
		{04B77FFD-B8E3-4D47-8FA2-59B7C2B4AFE4}.Release|Any CPU.ActiveCfg = Release|Any CPU
		{04B77FFD-B8E3-4D47-8FA2-59B7C2B4AFE4}.Release|Any CPU.Build.0 = Release|Any CPU
		{4695ED06-29CB-451F-AA7F-87764464B040}.Debug|Any CPU.ActiveCfg = Debug|Any CPU
		{4695ED06-29CB-451F-AA7F-87764464B040}.Debug|Any CPU.Build.0 = Debug|Any CPU
		{4695ED06-29CB-451F-AA7F-87764464B040}.Release|Any CPU.ActiveCfg = Release|Any CPU
		{4695ED06-29CB-451F-AA7F-87764464B040}.Release|Any CPU.Build.0 = Release|Any CPU
	EndGlobalSection
	GlobalSection(SolutionProperties) = preSolution
		HideSolutionNode = FALSE
	EndGlobalSection
	GlobalSection(ExtensibilityGlobals) = postSolution
		SolutionGuid = {DA8A6A1A-7066-4D07-BB8E-7AEC4E46FD53}
	EndGlobalSection
EndGlobal
